
Microsoft Visual Studio Solution File, Format Version 12.00
# Visual Studio Version 16
VisualStudioVersion = 16.0.30621.155
MinimumVisualStudioVersion = 10.0.40219.1
Project("{9A19103F-16F7-4668-BE54-9A1E7A4F7556}") = "UserService", "UserService\UserService.csproj", "{94E7A019-208E-41A7-B7BF-F67683E1C39C}"
EndProject
Project("{FAE04EC0-301F-11D3-BF4B-00C04F79EFBC}") = "APIGateway", "APIGateway\APIGateway.csproj", "{FC76DCFB-768D-47F9-B69F-6611843411FA}"
EndProject
Global
	GlobalSection(SolutionConfigurationPlatforms) = preSolution
		Debug|Any CPU = Debug|Any CPU
		Release|Any CPU = Release|Any CPU
	EndGlobalSection
	GlobalSection(ProjectConfigurationPlatforms) = postSolution
		{94E7A019-208E-41A7-B7BF-F67683E1C39C}.Debug|Any CPU.ActiveCfg = Debug|Any CPU
		{94E7A019-208E-41A7-B7BF-F67683E1C39C}.Debug|Any CPU.Build.0 = Debug|Any CPU
		{94E7A019-208E-41A7-B7BF-F67683E1C39C}.Release|Any CPU.ActiveCfg = Release|Any CPU
		{94E7A019-208E-41A7-B7BF-F67683E1C39C}.Release|Any CPU.Build.0 = Release|Any CPU
		{FC76DCFB-768D-47F9-B69F-6611843411FA}.Debug|Any CPU.ActiveCfg = Debug|Any CPU
		{FC76DCFB-768D-47F9-B69F-6611843411FA}.Debug|Any CPU.Build.0 = Debug|Any CPU
		{FC76DCFB-768D-47F9-B69F-6611843411FA}.Release|Any CPU.ActiveCfg = Release|Any CPU
		{FC76DCFB-768D-47F9-B69F-6611843411FA}.Release|Any CPU.Build.0 = Release|Any CPU
	EndGlobalSection
	GlobalSection(SolutionProperties) = preSolution
		HideSolutionNode = FALSE
	EndGlobalSection
	GlobalSection(ExtensibilityGlobals) = postSolution
		SolutionGuid = {C72DB644-17BC-4D39-8ED0-D10F62E972F9}
	EndGlobalSection
EndGlobal
